{
	"requires": true,
	"lockfileVersion": 1,
	"dependencies": {
		"async": {
			"version": "1.0.0",
			"resolved": "https://registry.npmjs.org/async/-/async-1.0.0.tgz",
			"integrity": "sha1-+PwEyjoTeErenhZBr5hXjPvWR6k="
		},
		"build": {
			"version": "0.1.4",
			"resolved": "https://registry.npmjs.org/build/-/build-0.1.4.tgz",
			"integrity": "sha1-cH/gJv/O3crL/c3zVur9pk8VEEY=",
			"requires": {
				"cssmin": "0.3.2",
				"jsmin": "1.0.1",
				"jxLoader": "0.1.1",
				"moo-server": "1.3.0",
				"promised-io": "0.3.5",
				"timespan": "2.3.0",
				"uglify-js": "1.3.5",
				"walker": "1.0.7",
				"winston": "2.4.0",
				"wrench": "1.3.9"
			}
		},
		"colors": {
			"version": "1.0.3",
			"resolved": "https://registry.npmjs.org/colors/-/colors-1.0.3.tgz",
			"integrity": "sha1-BDP0TYCWgP3rYO0mDxsMJi6CpAs="
		},
		"cssmin": {
			"version": "0.3.2",
			"resolved": "https://registry.npmjs.org/cssmin/-/cssmin-0.3.2.tgz",
			"integrity": "sha1-3c5MVHtRCuDVlKjx+/iq+OLFwA0="
		},
		"cycle": {
			"version": "1.0.3",
			"resolved": "https://registry.npmjs.org/cycle/-/cycle-1.0.3.tgz",
			"integrity": "sha1-IegLK+hYD5i0aPN5QwZisEbDStI="
		},
		"diff": {
			"version": "3.4.0",
			"resolved": "https://registry.npmjs.org/diff/-/diff-3.4.0.tgz",
			"integrity": "sha512-QpVuMTEoJMF7cKzi6bvWhRulU1fZqZnvyVQgNhPaxxuTYwyjn/j1v9falseQ/uXWwPnO56RBfwtg4h/EQXmucA=="
		},
		"eyes": {
			"version": "0.1.8",
			"resolved": "https://registry.npmjs.org/eyes/-/eyes-0.1.8.tgz",
			"integrity": "sha1-Ys8SAjTGg3hdkCNIqADvPgzCC8A="
		},
		"formatio": {
			"version": "1.2.0",
			"resolved": "https://registry.npmjs.org/formatio/-/formatio-1.2.0.tgz",
			"integrity": "sha1-87IWfZBoxGmKjVH092CjmlTYGOs=",
			"requires": {
				"samsam": "1.3.0"
			}
		},
		"isarray": {
			"version": "0.0.1",
			"resolved": "https://registry.npmjs.org/isarray/-/isarray-0.0.1.tgz",
			"integrity": "sha1-ihis/Kmo9Bd+Cav8YDiTmwXR7t8="
		},
		"isstream": {
			"version": "0.1.2",
			"resolved": "https://registry.npmjs.org/isstream/-/isstream-0.1.2.tgz",
			"integrity": "sha1-R+Y/evVa+m+S4VAOaQ64uFKcCZo="
		},
		"js-yaml": {
			"version": "0.3.7",
			"resolved": "https://registry.npmjs.org/js-yaml/-/js-yaml-0.3.7.tgz",
			"integrity": "sha1-1znY7oZGHlSzVNan19HyrZoWf2I="
		},
		"jsmin": {
			"version": "1.0.1",
			"resolved": "https://registry.npmjs.org/jsmin/-/jsmin-1.0.1.tgz",
			"integrity": "sha1-570NzWSWw79IYyNb9GGj2YqjuYw="
		},
		"just-extend": {
			"version": "1.1.27",
			"resolved": "https://registry.npmjs.org/just-extend/-/just-extend-1.1.27.tgz",
			"integrity": "sha512-mJVp13Ix6gFo3SBAy9U/kL+oeZqzlYYYLQBwXVBlVzIsZwBqGREnOro24oC/8s8aox+rJhtZ2DiQof++IrkA+g=="
		},
		"jxLoader": {
			"version": "0.1.1",
			"resolved": "https://registry.npmjs.org/jxLoader/-/jxLoader-0.1.1.tgz",
			"integrity": "sha1-ATTqUUTlM7WU/B/yX/GU4jXFPs0=",
			"requires": {
				"js-yaml": "0.3.7",
				"moo-server": "1.3.0",
				"promised-io": "0.3.5",
				"walker": "1.0.7"
			}
		},
		"lodash.get": {
			"version": "4.4.2",
			"resolved": "https://registry.npmjs.org/lodash.get/-/lodash.get-4.4.2.tgz",
			"integrity": "sha1-LRd/ZS+jHpObRDjVNBSZ36OCXpk="
		},
		"lolex": {
			"version": "2.3.1",
			"resolved": "https://registry.npmjs.org/lolex/-/lolex-2.3.1.tgz",
			"integrity": "sha512-mQuW55GhduF3ppo+ZRUTz1PRjEh1hS5BbqU7d8D0ez2OKxHDod7StPPeAVKisZR5aLkHZjdGWSL42LSONUJsZw=="
		},
		"makeerror": {
			"version": "1.0.11",
			"resolved": "https://registry.npmjs.org/makeerror/-/makeerror-1.0.11.tgz",
			"integrity": "sha1-4BpckQnyr3lmDk6LlYd5AYT1qWw=",
			"requires": {
				"tmpl": "1.0.4"
			}
		},
		"moo-server": {
			"version": "1.3.0",
			"resolved": "https://registry.npmjs.org/moo-server/-/moo-server-1.3.0.tgz",
			"integrity": "sha1-XceVaVZaENbv7VQ5SR5p0jkuWPE="
		},
		"native-promise-only": {
			"version": "0.8.1",
			"resolved": "https://registry.npmjs.org/native-promise-only/-/native-promise-only-0.8.1.tgz",
			"integrity": "sha1-IKMYwwy0X3H+et+/eyHJnBRy7xE="
		},
		"nise": {
			"version": "1.2.0",
			"resolved": "https://registry.npmjs.org/nise/-/nise-1.2.0.tgz",
			"integrity": "sha512-q9jXh3UNsMV28KeqI43ILz5+c3l+RiNW8mhurEwCKckuHQbL+hTJIKKTiUlCPKlgQ/OukFvSnKB/Jk3+sFbkGA==",
			"requires": {
				"formatio": "1.2.0",
				"just-extend": "1.1.27",
				"lolex": "1.6.0",
				"path-to-regexp": "1.7.0",
				"text-encoding": "0.6.4"
			},
			"dependencies": {
				"lolex": {
					"version": "1.6.0",
					"resolved": "https://registry.npmjs.org/lolex/-/lolex-1.6.0.tgz",
					"integrity": "sha1-OpoCg0UqR9dDnnJzG54H1zhuSfY="
				}
			}
		},
		"path-to-regexp": {
			"version": "1.7.0",
			"resolved": "https://registry.npmjs.org/path-to-regexp/-/path-to-regexp-1.7.0.tgz",
			"integrity": "sha1-Wf3g9DW62suhA6hOnTvGTpa5k30=",
			"requires": {
				"isarray": "0.0.1"
			}
		},
		"promised-io": {
			"version": "0.3.5",
			"resolved": "https://registry.npmjs.org/promised-io/-/promised-io-0.3.5.tgz",
			"integrity": "sha1-StIXuzZYvKrplGsXqGaOzYUeE1Y="
		},
		"rxjs": {
			"version": "5.5.6",
			"resolved": "https://registry.npmjs.org/rxjs/-/rxjs-5.5.6.tgz",
			"integrity": "sha512-v4Q5HDC0FHAQ7zcBX7T2IL6O5ltl1a2GX4ENjPXg6SjDY69Cmx9v4113C99a4wGF16ClPv5Z8mghuYorVkg/kg==",
			"requires": {
				"symbol-observable": "1.0.1"
			}
		},
		"samsam": {
			"version": "1.3.0",
			"resolved": "https://registry.npmjs.org/samsam/-/samsam-1.3.0.tgz",
			"integrity": "sha512-1HwIYD/8UlOtFS3QO3w7ey+SdSDFE4HRNLZoZRYVQefrOY3l17epswImeB1ijgJFQJodIaHcwkp3r/myBjFVbg=="
		},
		"sinon": {
			"version": "3.3.0",
			"resolved": "https://registry.npmjs.org/sinon/-/sinon-3.3.0.tgz",
			"integrity": "sha512-/flfGfIxIRXSvZBHJzIf3iAyGYkmMQq6SQjA0cx9SOuVuq+4ZPPO4LJtH1Ce0Lznax1KSG1U6Dad85wIcSW19w==",
			"requires": {
				"build": "0.1.4",
				"diff": "3.4.0",
				"formatio": "1.2.0",
				"lodash.get": "4.4.2",
				"lolex": "2.3.1",
				"native-promise-only": "0.8.1",
				"nise": "1.2.0",
				"path-to-regexp": "1.7.0",
				"samsam": "1.3.0",
				"text-encoding": "0.6.4",
				"type-detect": "4.0.5"
			}
		},
		"stack-trace": {
			"version": "0.0.10",
			"resolved": "https://registry.npmjs.org/stack-trace/-/stack-trace-0.0.10.tgz",
			"integrity": "sha1-VHxws0fo0ytOEI6hoqFZ5f3eGcA="
		},
		"symbol-observable": {
			"version": "1.0.1",
			"resolved": "https://registry.npmjs.org/symbol-observable/-/symbol-observable-1.0.1.tgz",
			"integrity": "sha1-g0D8RwLDEi310iKI+IKD9RPT/dQ="
		},
		"text-encoding": {
			"version": "0.6.4",
			"resolved": "https://registry.npmjs.org/text-encoding/-/text-encoding-0.6.4.tgz",
			"integrity": "sha1-45mpgiV6J22uQou5KEXLcb3CbRk="
		},
		"timespan": {
			"version": "2.3.0",
			"resolved": "https://registry.npmjs.org/timespan/-/timespan-2.3.0.tgz",
			"integrity": "sha1-SQLOBAvRPYRcj1myfp1ZutbzmSk="
		},
		"tmpl": {
			"version": "1.0.4",
			"resolved": "https://registry.npmjs.org/tmpl/-/tmpl-1.0.4.tgz",
			"integrity": "sha1-I2QN17QtAEM5ERQIIOXPRA5SHdE="
		},
		"type-detect": {
			"version": "4.0.5",
			"resolved": "https://registry.npmjs.org/type-detect/-/type-detect-4.0.5.tgz",
			"integrity": "sha512-N9IvkQslUGYGC24RkJk1ba99foK6TkwC2FHAEBlQFBP0RxQZS8ZpJuAZcwiY/w9ZJHFQb1aOXBI60OdxhTrwEQ=="
		},
		"uglify-js": {
			"version": "1.3.5",
			"resolved": "https://registry.npmjs.org/uglify-js/-/uglify-js-1.3.5.tgz",
			"integrity": "sha1-S1v/+Rhu/7qoiOTJ6UvZ/EyUkp0="
		},
		"walker": {
			"version": "1.0.7",
			"resolved": "https://registry.npmjs.org/walker/-/walker-1.0.7.tgz",
			"integrity": "sha1-L3+bj9ENZ3JisYqITijRlhjgKPs=",
			"requires": {
				"makeerror": "1.0.11"
			}
		},
		"winston": {
			"version": "2.4.0",
			"resolved": "https://registry.npmjs.org/winston/-/winston-2.4.0.tgz",
			"integrity": "sha1-gIBQuT1SZh7Z+2wms/DIJnCLCu4=",
			"requires": {
				"async": "1.0.0",
				"colors": "1.0.3",
				"cycle": "1.0.3",
				"eyes": "0.1.8",
				"isstream": "0.1.2",
				"stack-trace": "0.0.10"
			}
		},
		"wrench": {
			"version": "1.3.9",
			"resolved": "https://registry.npmjs.org/wrench/-/wrench-1.3.9.tgz",
			"integrity": "sha1-bxPsNRRTF+spLKX2UxORskQRFBE="
		}
	}
}
