{
	"requires": true,
	"lockfileVersion": 1,
	"dependencies": {
		"diff": {
			"version": "3.3.0",
			"resolved": "https://registry.npmjs.org/diff/-/diff-3.3.0.tgz",
			"integrity": "sha512-w0XZubFWn0Adlsapj9EAWX0FqWdO4tz8kc3RiYdWLh4k/V8PTb6i0SMgXt0vRM3zyKnT8tKO7mUlieRQHIjMNg=="
		},
		"formatio": {
			"version": "1.2.0",
			"resolved": "https://registry.npmjs.org/formatio/-/formatio-1.2.0.tgz",
			"integrity": "sha1-87IWfZBoxGmKjVH092CjmlTYGOs=",
			"requires": {
				"samsam": "1.2.1"
			}
		},
		"isarray": {
			"version": "0.0.1",
			"resolved": "https://registry.npmjs.org/isarray/-/isarray-0.0.1.tgz",
			"integrity": "sha1-ihis/Kmo9Bd+Cav8YDiTmwXR7t8="
		},
		"just-extend": {
			"version": "1.1.22",
			"resolved": "https://registry.npmjs.org/just-extend/-/just-extend-1.1.22.tgz",
			"integrity": "sha1-MzCvdWyralQnAMZLLk5KoGLVL/8="
		},
		"lolex": {
			"version": "2.1.2",
			"resolved": "https://registry.npmjs.org/lolex/-/lolex-2.1.2.tgz",
			"integrity": "sha1-JpS5U8nqTQE+W4v7qJHJkQJbJik="
		},
		"native-promise-only": {
			"version": "0.8.1",
			"resolved": "https://registry.npmjs.org/native-promise-only/-/native-promise-only-0.8.1.tgz",
			"integrity": "sha1-IKMYwwy0X3H+et+/eyHJnBRy7xE="
		},
		"nise": {
			"version": "1.0.1",
			"resolved": "https://registry.npmjs.org/nise/-/nise-1.0.1.tgz",
			"integrity": "sha1-DakrEKhU6XwPSW9sKEWjASgLPu8=",
			"requires": {
				"formatio": "1.2.0",
				"just-extend": "1.1.22",
				"lolex": "1.6.0",
				"path-to-regexp": "1.7.0"
			},
			"dependencies": {
				"lolex": {
					"version": "1.6.0",
					"resolved": "https://registry.npmjs.org/lolex/-/lolex-1.6.0.tgz",
					"integrity": "sha1-OpoCg0UqR9dDnnJzG54H1zhuSfY="
				}
			}
		},
		"path-to-regexp": {
			"version": "1.7.0",
			"resolved": "https://registry.npmjs.org/path-to-regexp/-/path-to-regexp-1.7.0.tgz",
			"integrity": "sha1-Wf3g9DW62suhA6hOnTvGTpa5k30=",
			"requires": {
				"isarray": "0.0.1"
			}
		},
		"rxjs": {
			"version": "5.4.3",
			"resolved": "https://registry.npmjs.org/rxjs/-/rxjs-5.4.3.tgz",
			"integrity": "sha512-fSNi+y+P9ss+EZuV0GcIIqPUK07DEaMRUtLJvdcvMyFjc9dizuDjere+A4V7JrLGnm9iCc+nagV/4QdMTkqC4A==",
			"requires": {
				"symbol-observable": "1.0.4"
			}
		},
		"samsam": {
			"version": "1.2.1",
			"resolved": "https://registry.npmjs.org/samsam/-/samsam-1.2.1.tgz",
			"integrity": "sha1-7dOQk6MYQ3DLhZJDsr3yVefY6mc="
		},
		"sinon": {
			"version": "3.2.1",
			"resolved": "https://registry.npmjs.org/sinon/-/sinon-3.2.1.tgz",
			"integrity": "sha512-KY3OLOWpek/I4NGAMHetuutVgS2aRgMR5g5/1LSYvPJ3qo2BopIvk3esFztPxF40RWf/NNNJzdFPriSkXUVK3A==",
			"requires": {
				"diff": "3.3.0",
				"formatio": "1.2.0",
				"lolex": "2.1.2",
				"native-promise-only": "0.8.1",
				"nise": "1.0.1",
				"path-to-regexp": "1.7.0",
				"samsam": "1.2.1",
				"text-encoding": "0.6.4",
				"type-detect": "4.0.3"
			}
		},
		"symbol-observable": {
			"version": "1.0.4",
			"resolved": "https://registry.npmjs.org/symbol-observable/-/symbol-observable-1.0.4.tgz",
			"integrity": "sha1-Kb9hXUqnEhvdiYsi1LP5vE4qoD0="
		},
		"text-encoding": {
			"version": "0.6.4",
			"resolved": "https://registry.npmjs.org/text-encoding/-/text-encoding-0.6.4.tgz",
			"integrity": "sha1-45mpgiV6J22uQou5KEXLcb3CbRk="
		},
		"type-detect": {
			"version": "4.0.3",
			"resolved": "https://registry.npmjs.org/type-detect/-/type-detect-4.0.3.tgz",
			"integrity": "sha1-Dj8mcLRAmbC0bChNE2p+9Jx0wuo="
		}
	}
}
